
Microsoft Visual Studio Solution File, Format Version 12.00
# Visual Studio 15
Project("{FAE04EC0-301F-11D3-BF4B-00C04F79EFBC}") = "Unity.Timeline", "Unity.Timeline.csproj", "{18FD1FFB-92B3-0DB5-6559-A6A38E712847}"
EndProject
Project("{FAE04EC0-301F-11D3-BF4B-00C04F79EFBC}") = "Unity.Timeline.Editor", "Unity.Timeline.Editor.csproj", "{39D44875-BFDA-7B70-24C4-765694CEC747}"
EndProject
Project("{FAE04EC0-301F-11D3-BF4B-00C04F79EFBC}") = "Unity.2D.Tilemap.Editor", "Unity.2D.Tilemap.Editor.csproj", "{123041FC-8E1E-2594-BE99-853C63814162}"
EndProject
Project("{FAE04EC0-301F-11D3-BF4B-00C04F79EFBC}") = "Unity.TextMeshPro.Editor", "Unity.TextMeshPro.Editor.csproj", "{14F12F35-2DBC-CEC5-FDFB-6B0CCF17D630}"
EndProject
Project("{FAE04EC0-301F-11D3-BF4B-00C04F79EFBC}") = "Unity.PlasticSCM.Editor", "Unity.PlasticSCM.Editor.csproj", "{1D320858-94B0-E3FA-6AD0-8C8250AB5590}"
EndProject
Project("{FAE04EC0-301F-11D3-BF4B-00C04F79EFBC}") = "Unity.2D.Aseprite.Editor", "Unity.2D.Aseprite.Editor.csproj", "{CCDBA00D-529D-1051-1B18-8BF48D20ED34}"
EndProject
Project("{FAE04EC0-301F-11D3-BF4B-00C04F79EFBC}") = "Unity.VisualScripting.Flow", "Unity.VisualScripting.Flow.csproj", "{9DDC9940-2752-5D08-5452-1CFD93C1FF3F}"
EndProject
Project("{FAE04EC0-301F-11D3-BF4B-00C04F79EFBC}") = "UnityEditor.UI", "UnityEditor.UI.csproj", "{C4CAF072-990A-9082-324E-45F69FAEA0FC}"
EndProject
Project("{FAE04EC0-301F-11D3-BF4B-00C04F79EFBC}") = "Unity.2D.Psdimporter.Editor", "Unity.2D.Psdimporter.Editor.csproj", "{52D9FB25-1ACF-AC06-C1D5-7193B713125D}"
EndProject
Project("{FAE04EC0-301F-11D3-BF4B-00C04F79EFBC}") = "Unity.VisualScripting.Core", "Unity.VisualScripting.Core.csproj", "{8098867D-F8DE-BB3F-0E51-C3A0AD4A177F}"
EndProject
Project("{FAE04EC0-301F-11D3-BF4B-00C04F79EFBC}") = "Unity.Mathematics", "Unity.Mathematics.csproj", "{9F0B30EC-EC5B-1FA9-92B8-D75A58C14555}"
EndProject
Project("{FAE04EC0-301F-11D3-BF4B-00C04F79EFBC}") = "Unity.2D.Common.Path.Editor", "Unity.2D.Common.Path.Editor.csproj", "{E57E29CC-CF08-3495-3E44-B47424EE5D2D}"
EndProject
Project("{FAE04EC0-301F-11D3-BF4B-00C04F79EFBC}") = "Unity.2D.Animation.Editor", "Unity.2D.Animation.Editor.csproj", "{571EBC6D-DBCB-9DC1-B068-0C39F9533D59}"
EndProject
Project("{FAE04EC0-301F-11D3-BF4B-00C04F79EFBC}") = "Unity.VisualScripting.Core.Editor", "Unity.VisualScripting.Core.Editor.csproj", "{F1F1D4D3-E867-01A9-6C4A-52C793E4E1A0}"
EndProject
Project("{FAE04EC0-301F-11D3-BF4B-00C04F79EFBC}") = "Unity.2D.IK.Runtime", "Unity.2D.IK.Runtime.csproj", "{CBBDF67C-7881-0030-8AFA-5D25756A55B1}"
EndProject
Project("{FAE04EC0-301F-11D3-BF4B-00C04F79EFBC}") = "Unity.VisualScripting.Flow.Editor", "Unity.VisualScripting.Flow.Editor.csproj", "{032E411D-D6D3-9DD7-0E63-CB505C177F06}"
EndProject
Project("{FAE04EC0-301F-11D3-BF4B-00C04F79EFBC}") = "UnityEditor.TestRunner", "UnityEditor.TestRunner.csproj", "{90827C04-84FE-E27D-5909-A7D344F62202}"
EndProject
Project("{FAE04EC0-301F-11D3-BF4B-00C04F79EFBC}") = "Unity.VisualScripting.SettingsProvider.Editor", "Unity.VisualScripting.SettingsProvider.Editor.csproj", "{85BF720C-A6EA-DD71-1293-97F155647B05}"
EndProject
Project("{FAE04EC0-301F-11D3-BF4B-00C04F79EFBC}") = "UnityEngine.TestRunner", "UnityEngine.TestRunner.csproj", "{219C1C91-5981-F55F-620C-A41910DC5B27}"
EndProject
Project("{FAE04EC0-301F-11D3-BF4B-00C04F79EFBC}") = "PsdPlugin", "PsdPlugin.csproj", "{1F824309-C051-A351-28CB-6D33A0F8DFE9}"
EndProject
Project("{FAE04EC0-301F-11D3-BF4B-00C04F79EFBC}") = "Unity.Burst", "Unity.Burst.csproj", "{254C1208-C139-E009-A49F-D43AE1542782}"
EndProject
Project("{FAE04EC0-301F-11D3-BF4B-00C04F79EFBC}") = "UnityEngine.UI", "UnityEngine.UI.csproj", "{336F4E23-37FB-64E1-0C90-40DEF969C1A3}"
EndProject
Project("{FAE04EC0-301F-11D3-BF4B-00C04F79EFBC}") = "Unity.2D.SpriteShape.Editor", "Unity.2D.SpriteShape.Editor.csproj", "{EDC55D86-3489-7185-AE8E-5AFE003ECB97}"
EndProject
Project("{FAE04EC0-301F-11D3-BF4B-00C04F79EFBC}") = "Unity.Collections", "Unity.Collections.csproj", "{01556020-D16C-957C-F40B-258D835898D5}"
EndProject
Project("{FAE04EC0-301F-11D3-BF4B-00C04F79EFBC}") = "Unity.VisualStudio.Editor", "Unity.VisualStudio.Editor.csproj", "{B6F825E9-29EF-12C8-5DA3-6B39E3850CE6}"
EndProject
Project("{FAE04EC0-301F-11D3-BF4B-00C04F79EFBC}") = "Unity.2D.Tilemap.Extras.Editor", "Unity.2D.Tilemap.Extras.Editor.csproj", "{ADD85B80-3A43-13E3-C32B-258A8C50346D}"
EndProject
Project("{FAE04EC0-301F-11D3-BF4B-00C04F79EFBC}") = "Unity.Rider.Editor", "Unity.Rider.Editor.csproj", "{C3BB578D-8CA8-880D-B2C5-8EE28C3CB7FD}"
EndProject
Project("{FAE04EC0-301F-11D3-BF4B-00C04F79EFBC}") = "Unity.InternalAPIEditorBridge.001", "Unity.InternalAPIEditorBridge.001.csproj", "{47A0E48B-FDCE-CDAB-57B9-B86B6CEF9676}"
EndProject
Project("{FAE04EC0-301F-11D3-BF4B-00C04F79EFBC}") = "Unity.2D.SpriteShape.Runtime", "Unity.2D.SpriteShape.Runtime.csproj", "{BFBBD4DD-60C8-F361-774D-C6F34AAFEEC7}"
EndProject
Project("{FAE04EC0-301F-11D3-BF4B-00C04F79EFBC}") = "Unity.CollabProxy.Editor", "Unity.CollabProxy.Editor.csproj", "{E5AFB751-94C5-D3F5-A4B5-4C3AC5D74E16}"
EndProject
Project("{FAE04EC0-301F-11D3-BF4B-00C04F79EFBC}") = "Unity.VisualScripting.State.Editor", "Unity.VisualScripting.State.Editor.csproj", "{37787808-DAAA-5848-8D45-D52D5329AB91}"
EndProject
Project("{FAE04EC0-301F-11D3-BF4B-00C04F79EFBC}") = "Unity.2D.Animation.Runtime", "Unity.2D.Animation.Runtime.csproj", "{F111CE03-6652-06FC-5407-978D9F4BB55A}"
EndProject
Project("{FAE04EC0-301F-11D3-BF4B-00C04F79EFBC}") = "Unity.Burst.CodeGen", "Unity.Burst.CodeGen.csproj", "{ED700BCE-00D8-F766-653A-D9FC19C054AF}"
EndProject
Project("{FAE04EC0-301F-11D3-BF4B-00C04F79EFBC}") = "Unity.2D.Tilemap.Extras", "Unity.2D.Tilemap.Extras.csproj", "{5E59581F-B766-2FDF-9618-CD0D87B406F1}"
EndProject
Project("{FAE04EC0-301F-11D3-BF4B-00C04F79EFBC}") = "Unity.VisualScripting.State", "Unity.VisualScripting.State.csproj", "{4AB92D98-27D1-4BDF-9D9E-0801E839A331}"
EndProject
Project("{FAE04EC0-301F-11D3-BF4B-00C04F79EFBC}") = "Unity.TextMeshPro", "Unity.TextMeshPro.csproj", "{C9A772A7-8B0D-F739-9B55-119E1CDB4239}"
EndProject
Project("{FAE04EC0-301F-11D3-BF4B-00C04F79EFBC}") = "Unity.2D.Aseprite.Common", "Unity.2D.Aseprite.Common.csproj", "{FCD618EB-24BE-EF25-4382-442F77C29BF7}"
EndProject
Project("{FAE04EC0-301F-11D3-BF4B-00C04F79EFBC}") = "Unity.2D.IK.Editor", "Unity.2D.IK.Editor.csproj", "{25CB5B50-0FD8-521E-3DE5-1FD47D272D11}"
EndProject
Project("{FAE04EC0-301F-11D3-BF4B-00C04F79EFBC}") = "Unity.InternalAPIEngineBridge.001", "Unity.InternalAPIEngineBridge.001.csproj", "{80C6AF5E-71E4-ED62-14C0-C8C8A2BAFFD3}"
EndProject
Project("{FAE04EC0-301F-11D3-BF4B-00C04F79EFBC}") = "Unity.Burst.Editor", "Unity.Burst.Editor.csproj", "{3359314C-E37F-7940-C66F-C6DD8B149A82}"
EndProject
Project("{FAE04EC0-301F-11D3-BF4B-00C04F79EFBC}") = "Unity.2D.Common.Editor", "Unity.2D.Common.Editor.csproj", "{7F423802-3032-0AFD-7669-C7531A751C44}"
EndProject
Project("{FAE04EC0-301F-11D3-BF4B-00C04F79EFBC}") = "Unity.2D.Sprite.Editor", "Unity.2D.Sprite.Editor.csproj", "{14AB17FC-100B-70BF-5665-7D259C811F66}"
EndProject
Project("{FAE04EC0-301F-11D3-BF4B-00C04F79EFBC}") = "Unity.2D.PixelPerfect", "Unity.2D.PixelPerfect.csproj", "{9B025734-A628-5A10-0CCF-A71E397D7B6C}"
EndProject
Project("{FAE04EC0-301F-11D3-BF4B-00C04F79EFBC}") = "Unity.2D.PixelPerfect.Editor", "Unity.2D.PixelPerfect.Editor.csproj", "{FF94E0AE-CCB7-EC2F-2B91-BDFBA800A233}"
EndProject
Project("{FAE04EC0-301F-11D3-BF4B-00C04F79EFBC}") = "Unity.2D.Common.Runtime", "Unity.2D.Common.Runtime.csproj", "{510530F6-11B2-6DE5-A38F-15DDC21D6136}"
EndProject
Project("{FAE04EC0-301F-11D3-BF4B-00C04F79EFBC}") = "Unity.Mathematics.Editor", "Unity.Mathematics.Editor.csproj", "{716C5A5B-40BF-0904-3B13-225385AFA16F}"
EndProject
Project("{FAE04EC0-301F-11D3-BF4B-00C04F79EFBC}") = "Unity.Collections.BurstCompatibilityGen", "Unity.Collections.BurstCompatibilityGen.csproj", "{7258A354-70D4-D31E-12A4-62E7DB7223ED}"
EndProject
Project("{FAE04EC0-301F-11D3-BF4B-00C04F79EFBC}") = "Unity.InternalAPIEditorBridge.005", "Unity.InternalAPIEditorBridge.005.csproj", "{90DF73A9-ECE5-06AA-9797-807F7CDB3025}"
EndProject
Project("{FAE04EC0-301F-11D3-BF4B-00C04F79EFBC}") = "Unity.VisualScripting.Shared.Editor", "Unity.VisualScripting.Shared.Editor.csproj", "{99D3BDAD-13DF-6454-C2FB-965520E7CBD7}"
EndProject
Project("{FAE04EC0-301F-11D3-BF4B-00C04F79EFBC}") = "Unity.Collections.DocCodeSamples", "Unity.Collections.DocCodeSamples.csproj", "{6FBAEE16-CF8F-E7FE-783F-F601E28AD617}"
EndProject
Project("{FAE04EC0-301F-11D3-BF4B-00C04F79EFBC}") = "Unity.Timeline", "Unity.Timeline.Player.csproj", "{9B92EF97-8BFB-6036-CC3B-CDDE56A17A46}"
EndProject
Project("{FAE04EC0-301F-11D3-BF4B-00C04F79EFBC}") = "Unity.VisualScripting.Flow", "Unity.VisualScripting.Flow.Player.csproj", "{CC562F1E-3837-ED2C-388D-1522D3B3DE7A}"
EndProject
Project("{FAE04EC0-301F-11D3-BF4B-00C04F79EFBC}") = "Unity.VisualScripting.Core", "Unity.VisualScripting.Core.Player.csproj", "{F3FADF05-0256-0DA7-0CC9-BD494884FF5F}"
EndProject
Project("{FAE04EC0-301F-11D3-BF4B-00C04F79EFBC}") = "Unity.Mathematics", "Unity.Mathematics.Player.csproj", "{EBC62FDD-26A3-D3EF-B20A-7AE123B668FE}"
EndProject
Project("{FAE04EC0-301F-11D3-BF4B-00C04F79EFBC}") = "Unity.2D.IK.Runtime", "Unity.2D.IK.Runtime.Player.csproj", "{0B1FF602-8625-CE6E-6BE3-89929DBFA4E7}"
EndProject
Project("{FAE04EC0-301F-11D3-BF4B-00C04F79EFBC}") = "UnityEngine.TestRunner", "UnityEngine.TestRunner.Player.csproj", "{D3E5F4AB-DB2C-442A-9E96-DFB1AF442A47}"
EndProject
Project("{FAE04EC0-301F-11D3-BF4B-00C04F79EFBC}") = "Unity.Burst", "Unity.Burst.Player.csproj", "{EEA458AB-27AB-035F-7699-6AE429368D83}"
EndProject
Project("{FAE04EC0-301F-11D3-BF4B-00C04F79EFBC}") = "UnityEngine.UI", "UnityEngine.UI.Player.csproj", "{03C54ADD-9869-3CF5-4D55-1EBA8A88F7A0}"
EndProject
Project("{FAE04EC0-301F-11D3-BF4B-00C04F79EFBC}") = "Unity.Collections", "Unity.Collections.Player.csproj", "{32742F5B-0308-917C-2A79-F2E25CE447B9}"
EndProject
Project("{FAE04EC0-301F-11D3-BF4B-00C04F79EFBC}") = "Unity.2D.SpriteShape.Runtime", "Unity.2D.SpriteShape.Runtime.Player.csproj", "{AFB54E88-4351-C094-36CC-C078287E0FFF}"
EndProject
Project("{FAE04EC0-301F-11D3-BF4B-00C04F79EFBC}") = "Unity.2D.Animation.Runtime", "Unity.2D.Animation.Runtime.Player.csproj", "{4F57D744-D891-DDC3-B760-FD3647A92B1F}"
EndProject
Project("{FAE04EC0-301F-11D3-BF4B-00C04F79EFBC}") = "Unity.2D.Tilemap.Extras", "Unity.2D.Tilemap.Extras.Player.csproj", "{FA353463-B692-DF6E-9D7E-CD6838630701}"
EndProject
Project("{FAE04EC0-301F-11D3-BF4B-00C04F79EFBC}") = "Unity.VisualScripting.State", "Unity.VisualScripting.State.Player.csproj", "{39AF72DA-3A0F-1823-A8B3-BCB3BEEB2710}"
EndProject
Project("{FAE04EC0-301F-11D3-BF4B-00C04F79EFBC}") = "Unity.TextMeshPro", "Unity.TextMeshPro.Player.csproj", "{7F294546-9A80-8977-F7A3-3114378F368A}"
EndProject
Project("{FAE04EC0-301F-11D3-BF4B-00C04F79EFBC}") = "Unity.InternalAPIEngineBridge.001", "Unity.InternalAPIEngineBridge.001.Player.csproj", "{F0CF66F5-E5FD-9C60-0A4C-AB6770E5EF48}"
EndProject
Project("{FAE04EC0-301F-11D3-BF4B-00C04F79EFBC}") = "Unity.2D.PixelPerfect", "Unity.2D.PixelPerfect.Player.csproj", "{8C409E7E-7B33-4A18-E991-DBA5E7CD3A8F}"
EndProject
Project("{FAE04EC0-301F-11D3-BF4B-00C04F79EFBC}") = "Unity.2D.Common.Runtime", "Unity.2D.Common.Runtime.Player.csproj", "{64904DBE-DA64-0B9B-8352-1508B844B9FF}"
EndProject
Global
	GlobalSection(SolutionConfigurationPlatforms) = preSolution
		Debug|Any CPU = Debug|Any CPU
		Release|Any CPU = Release|Any CPU
	EndGlobalSection
	GlobalSection(ProjectConfigurationPlatforms) = postSolution
		{18FD1FFB-92B3-0DB5-6559-A6A38E712847}.Debug|Any CPU.ActiveCfg = Debug|Any CPU
		{18FD1FFB-92B3-0DB5-6559-A6A38E712847}.Debug|Any CPU.Build.0 = Debug|Any CPU
		{18FD1FFB-92B3-0DB5-6559-A6A38E712847}.Release|Any CPU.ActiveCfg = Release|Any CPU
		{18FD1FFB-92B3-0DB5-6559-A6A38E712847}.Release|Any CPU.Build.0 = Release|Any CPU
		{39D44875-BFDA-7B70-24C4-765694CEC747}.Debug|Any CPU.ActiveCfg = Debug|Any CPU
		{39D44875-BFDA-7B70-24C4-765694CEC747}.Debug|Any CPU.Build.0 = Debug|Any CPU
		{39D44875-BFDA-7B70-24C4-765694CEC747}.Release|Any CPU.ActiveCfg = Release|Any CPU
		{39D44875-BFDA-7B70-24C4-765694CEC747}.Release|Any CPU.Build.0 = Release|Any CPU
		{123041FC-8E1E-2594-BE99-853C63814162}.Debug|Any CPU.ActiveCfg = Debug|Any CPU
		{123041FC-8E1E-2594-BE99-853C63814162}.Debug|Any CPU.Build.0 = Debug|Any CPU
		{123041FC-8E1E-2594-BE99-853C63814162}.Release|Any CPU.ActiveCfg = Release|Any CPU
		{123041FC-8E1E-2594-BE99-853C63814162}.Release|Any CPU.Build.0 = Release|Any CPU
		{14F12F35-2DBC-CEC5-FDFB-6B0CCF17D630}.Debug|Any CPU.ActiveCfg = Debug|Any CPU
		{14F12F35-2DBC-CEC5-FDFB-6B0CCF17D630}.Debug|Any CPU.Build.0 = Debug|Any CPU
		{14F12F35-2DBC-CEC5-FDFB-6B0CCF17D630}.Release|Any CPU.ActiveCfg = Release|Any CPU
		{14F12F35-2DBC-CEC5-FDFB-6B0CCF17D630}.Release|Any CPU.Build.0 = Release|Any CPU
		{1D320858-94B0-E3FA-6AD0-8C8250AB5590}.Debug|Any CPU.ActiveCfg = Debug|Any CPU
		{1D320858-94B0-E3FA-6AD0-8C8250AB5590}.Debug|Any CPU.Build.0 = Debug|Any CPU
		{1D320858-94B0-E3FA-6AD0-8C8250AB5590}.Release|Any CPU.ActiveCfg = Release|Any CPU
		{1D320858-94B0-E3FA-6AD0-8C8250AB5590}.Release|Any CPU.Build.0 = Release|Any CPU
		{CCDBA00D-529D-1051-1B18-8BF48D20ED34}.Debug|Any CPU.ActiveCfg = Debug|Any CPU
		{CCDBA00D-529D-1051-1B18-8BF48D20ED34}.Debug|Any CPU.Build.0 = Debug|Any CPU
		{CCDBA00D-529D-1051-1B18-8BF48D20ED34}.Release|Any CPU.ActiveCfg = Release|Any CPU
		{CCDBA00D-529D-1051-1B18-8BF48D20ED34}.Release|Any CPU.Build.0 = Release|Any CPU
		{9DDC9940-2752-5D08-5452-1CFD93C1FF3F}.Debug|Any CPU.ActiveCfg = Debug|Any CPU
		{9DDC9940-2752-5D08-5452-1CFD93C1FF3F}.Debug|Any CPU.Build.0 = Debug|Any CPU
		{9DDC9940-2752-5D08-5452-1CFD93C1FF3F}.Release|Any CPU.ActiveCfg = Release|Any CPU
		{9DDC9940-2752-5D08-5452-1CFD93C1FF3F}.Release|Any CPU.Build.0 = Release|Any CPU
		{C4CAF072-990A-9082-324E-45F69FAEA0FC}.Debug|Any CPU.ActiveCfg = Debug|Any CPU
		{C4CAF072-990A-9082-324E-45F69FAEA0FC}.Debug|Any CPU.Build.0 = Debug|Any CPU
		{C4CAF072-990A-9082-324E-45F69FAEA0FC}.Release|Any CPU.ActiveCfg = Release|Any CPU
		{C4CAF072-990A-9082-324E-45F69FAEA0FC}.Release|Any CPU.Build.0 = Release|Any CPU
		{52D9FB25-1ACF-AC06-C1D5-7193B713125D}.Debug|Any CPU.ActiveCfg = Debug|Any CPU
		{52D9FB25-1ACF-AC06-C1D5-7193B713125D}.Debug|Any CPU.Build.0 = Debug|Any CPU
		{52D9FB25-1ACF-AC06-C1D5-7193B713125D}.Release|Any CPU.ActiveCfg = Release|Any CPU
		{52D9FB25-1ACF-AC06-C1D5-7193B713125D}.Release|Any CPU.Build.0 = Release|Any CPU
		{8098867D-F8DE-BB3F-0E51-C3A0AD4A177F}.Debug|Any CPU.ActiveCfg = Debug|Any CPU
		{8098867D-F8DE-BB3F-0E51-C3A0AD4A177F}.Debug|Any CPU.Build.0 = Debug|Any CPU
		{8098867D-F8DE-BB3F-0E51-C3A0AD4A177F}.Release|Any CPU.ActiveCfg = Release|Any CPU
		{8098867D-F8DE-BB3F-0E51-C3A0AD4A177F}.Release|Any CPU.Build.0 = Release|Any CPU
		{9F0B30EC-EC5B-1FA9-92B8-D75A58C14555}.Debug|Any CPU.ActiveCfg = Debug|Any CPU
		{9F0B30EC-EC5B-1FA9-92B8-D75A58C14555}.Debug|Any CPU.Build.0 = Debug|Any CPU
		{9F0B30EC-EC5B-1FA9-92B8-D75A58C14555}.Release|Any CPU.ActiveCfg = Release|Any CPU
		{9F0B30EC-EC5B-1FA9-92B8-D75A58C14555}.Release|Any CPU.Build.0 = Release|Any CPU
		{E57E29CC-CF08-3495-3E44-B47424EE5D2D}.Debug|Any CPU.ActiveCfg = Debug|Any CPU
		{E57E29CC-CF08-3495-3E44-B47424EE5D2D}.Debug|Any CPU.Build.0 = Debug|Any CPU
		{E57E29CC-CF08-3495-3E44-B47424EE5D2D}.Release|Any CPU.ActiveCfg = Release|Any CPU
		{E57E29CC-CF08-3495-3E44-B47424EE5D2D}.Release|Any CPU.Build.0 = Release|Any CPU
		{571EBC6D-DBCB-9DC1-B068-0C39F9533D59}.Debug|Any CPU.ActiveCfg = Debug|Any CPU
		{571EBC6D-DBCB-9DC1-B068-0C39F9533D59}.Debug|Any CPU.Build.0 = Debug|Any CPU
		{571EBC6D-DBCB-9DC1-B068-0C39F9533D59}.Release|Any CPU.ActiveCfg = Release|Any CPU
		{571EBC6D-DBCB-9DC1-B068-0C39F9533D59}.Release|Any CPU.Build.0 = Release|Any CPU
		{F1F1D4D3-E867-01A9-6C4A-52C793E4E1A0}.Debug|Any CPU.ActiveCfg = Debug|Any CPU
		{F1F1D4D3-E867-01A9-6C4A-52C793E4E1A0}.Debug|Any CPU.Build.0 = Debug|Any CPU
		{F1F1D4D3-E867-01A9-6C4A-52C793E4E1A0}.Release|Any CPU.ActiveCfg = Release|Any CPU
		{F1F1D4D3-E867-01A9-6C4A-52C793E4E1A0}.Release|Any CPU.Build.0 = Release|Any CPU
		{CBBDF67C-7881-0030-8AFA-5D25756A55B1}.Debug|Any CPU.ActiveCfg = Debug|Any CPU
		{CBBDF67C-7881-0030-8AFA-5D25756A55B1}.Debug|Any CPU.Build.0 = Debug|Any CPU
		{CBBDF67C-7881-0030-8AFA-5D25756A55B1}.Release|Any CPU.ActiveCfg = Release|Any CPU
		{CBBDF67C-7881-0030-8AFA-5D25756A55B1}.Release|Any CPU.Build.0 = Release|Any CPU
		{032E411D-D6D3-9DD7-0E63-CB505C177F06}.Debug|Any CPU.ActiveCfg = Debug|Any CPU
		{032E411D-D6D3-9DD7-0E63-CB505C177F06}.Debug|Any CPU.Build.0 = Debug|Any CPU
		{032E411D-D6D3-9DD7-0E63-CB505C177F06}.Release|Any CPU.ActiveCfg = Release|Any CPU
		{032E411D-D6D3-9DD7-0E63-CB505C177F06}.Release|Any CPU.Build.0 = Release|Any CPU
		{90827C04-84FE-E27D-5909-A7D344F62202}.Debug|Any CPU.ActiveCfg = Debug|Any CPU
		{90827C04-84FE-E27D-5909-A7D344F62202}.Debug|Any CPU.Build.0 = Debug|Any CPU
		{90827C04-84FE-E27D-5909-A7D344F62202}.Release|Any CPU.ActiveCfg = Release|Any CPU
		{90827C04-84FE-E27D-5909-A7D344F62202}.Release|Any CPU.Build.0 = Release|Any CPU
		{85BF720C-A6EA-DD71-1293-97F155647B05}.Debug|Any CPU.ActiveCfg = Debug|Any CPU
		{85BF720C-A6EA-DD71-1293-97F155647B05}.Debug|Any CPU.Build.0 = Debug|Any CPU
		{85BF720C-A6EA-DD71-1293-97F155647B05}.Release|Any CPU.ActiveCfg = Release|Any CPU
		{85BF720C-A6EA-DD71-1293-97F155647B05}.Release|Any CPU.Build.0 = Release|Any CPU
		{219C1C91-5981-F55F-620C-A41910DC5B27}.Debug|Any CPU.ActiveCfg = Debug|Any CPU
		{219C1C91-5981-F55F-620C-A41910DC5B27}.Debug|Any CPU.Build.0 = Debug|Any CPU
		{219C1C91-5981-F55F-620C-A41910DC5B27}.Release|Any CPU.ActiveCfg = Release|Any CPU
		{219C1C91-5981-F55F-620C-A41910DC5B27}.Release|Any CPU.Build.0 = Release|Any CPU
		{1F824309-C051-A351-28CB-6D33A0F8DFE9}.Debug|Any CPU.ActiveCfg = Debug|Any CPU
		{1F824309-C051-A351-28CB-6D33A0F8DFE9}.Debug|Any CPU.Build.0 = Debug|Any CPU
		{1F824309-C051-A351-28CB-6D33A0F8DFE9}.Release|Any CPU.ActiveCfg = Release|Any CPU
		{1F824309-C051-A351-28CB-6D33A0F8DFE9}.Release|Any CPU.Build.0 = Release|Any CPU
		{254C1208-C139-E009-A49F-D43AE1542782}.Debug|Any CPU.ActiveCfg = Debug|Any CPU
		{254C1208-C139-E009-A49F-D43AE1542782}.Debug|Any CPU.Build.0 = Debug|Any CPU
		{254C1208-C139-E009-A49F-D43AE1542782}.Release|Any CPU.ActiveCfg = Release|Any CPU
		{254C1208-C139-E009-A49F-D43AE1542782}.Release|Any CPU.Build.0 = Release|Any CPU
		{336F4E23-37FB-64E1-0C90-40DEF969C1A3}.Debug|Any CPU.ActiveCfg = Debug|Any CPU
		{336F4E23-37FB-64E1-0C90-40DEF969C1A3}.Debug|Any CPU.Build.0 = Debug|Any CPU
		{336F4E23-37FB-64E1-0C90-40DEF969C1A3}.Release|Any CPU.ActiveCfg = Release|Any CPU
		{336F4E23-37FB-64E1-0C90-40DEF969C1A3}.Release|Any CPU.Build.0 = Release|Any CPU
		{EDC55D86-3489-7185-AE8E-5AFE003ECB97}.Debug|Any CPU.ActiveCfg = Debug|Any CPU
		{EDC55D86-3489-7185-AE8E-5AFE003ECB97}.Debug|Any CPU.Build.0 = Debug|Any CPU
		{EDC55D86-3489-7185-AE8E-5AFE003ECB97}.Release|Any CPU.ActiveCfg = Release|Any CPU
		{EDC55D86-3489-7185-AE8E-5AFE003ECB97}.Release|Any CPU.Build.0 = Release|Any CPU
		{01556020-D16C-957C-F40B-258D835898D5}.Debug|Any CPU.ActiveCfg = Debug|Any CPU
		{01556020-D16C-957C-F40B-258D835898D5}.Debug|Any CPU.Build.0 = Debug|Any CPU
		{01556020-D16C-957C-F40B-258D835898D5}.Release|Any CPU.ActiveCfg = Release|Any CPU
		{01556020-D16C-957C-F40B-258D835898D5}.Release|Any CPU.Build.0 = Release|Any CPU
		{B6F825E9-29EF-12C8-5DA3-6B39E3850CE6}.Debug|Any CPU.ActiveCfg = Debug|Any CPU
		{B6F825E9-29EF-12C8-5DA3-6B39E3850CE6}.Debug|Any CPU.Build.0 = Debug|Any CPU
		{B6F825E9-29EF-12C8-5DA3-6B39E3850CE6}.Release|Any CPU.ActiveCfg = Release|Any CPU
		{B6F825E9-29EF-12C8-5DA3-6B39E3850CE6}.Release|Any CPU.Build.0 = Release|Any CPU
		{ADD85B80-3A43-13E3-C32B-258A8C50346D}.Debug|Any CPU.ActiveCfg = Debug|Any CPU
		{ADD85B80-3A43-13E3-C32B-258A8C50346D}.Debug|Any CPU.Build.0 = Debug|Any CPU
		{ADD85B80-3A43-13E3-C32B-258A8C50346D}.Release|Any CPU.ActiveCfg = Release|Any CPU
		{ADD85B80-3A43-13E3-C32B-258A8C50346D}.Release|Any CPU.Build.0 = Release|Any CPU
		{C3BB578D-8CA8-880D-B2C5-8EE28C3CB7FD}.Debug|Any CPU.ActiveCfg = Debug|Any CPU
		{C3BB578D-8CA8-880D-B2C5-8EE28C3CB7FD}.Debug|Any CPU.Build.0 = Debug|Any CPU
		{C3BB578D-8CA8-880D-B2C5-8EE28C3CB7FD}.Release|Any CPU.ActiveCfg = Release|Any CPU
		{C3BB578D-8CA8-880D-B2C5-8EE28C3CB7FD}.Release|Any CPU.Build.0 = Release|Any CPU
		{47A0E48B-FDCE-CDAB-57B9-B86B6CEF9676}.Debug|Any CPU.ActiveCfg = Debug|Any CPU
		{47A0E48B-FDCE-CDAB-57B9-B86B6CEF9676}.Debug|Any CPU.Build.0 = Debug|Any CPU
		{47A0E48B-FDCE-CDAB-57B9-B86B6CEF9676}.Release|Any CPU.ActiveCfg = Release|Any CPU
		{47A0E48B-FDCE-CDAB-57B9-B86B6CEF9676}.Release|Any CPU.Build.0 = Release|Any CPU
		{BFBBD4DD-60C8-F361-774D-C6F34AAFEEC7}.Debug|Any CPU.ActiveCfg = Debug|Any CPU
		{BFBBD4DD-60C8-F361-774D-C6F34AAFEEC7}.Debug|Any CPU.Build.0 = Debug|Any CPU
		{BFBBD4DD-60C8-F361-774D-C6F34AAFEEC7}.Release|Any CPU.ActiveCfg = Release|Any CPU
		{BFBBD4DD-60C8-F361-774D-C6F34AAFEEC7}.Release|Any CPU.Build.0 = Release|Any CPU
		{E5AFB751-94C5-D3F5-A4B5-4C3AC5D74E16}.Debug|Any CPU.ActiveCfg = Debug|Any CPU
		{E5AFB751-94C5-D3F5-A4B5-4C3AC5D74E16}.Debug|Any CPU.Build.0 = Debug|Any CPU
		{E5AFB751-94C5-D3F5-A4B5-4C3AC5D74E16}.Release|Any CPU.ActiveCfg = Release|Any CPU
		{E5AFB751-94C5-D3F5-A4B5-4C3AC5D74E16}.Release|Any CPU.Build.0 = Release|Any CPU
		{37787808-DAAA-5848-8D45-D52D5329AB91}.Debug|Any CPU.ActiveCfg = Debug|Any CPU
		{37787808-DAAA-5848-8D45-D52D5329AB91}.Debug|Any CPU.Build.0 = Debug|Any CPU
		{37787808-DAAA-5848-8D45-D52D5329AB91}.Release|Any CPU.ActiveCfg = Release|Any CPU
		{37787808-DAAA-5848-8D45-D52D5329AB91}.Release|Any CPU.Build.0 = Release|Any CPU
		{F111CE03-6652-06FC-5407-978D9F4BB55A}.Debug|Any CPU.ActiveCfg = Debug|Any CPU
		{F111CE03-6652-06FC-5407-978D9F4BB55A}.Debug|Any CPU.Build.0 = Debug|Any CPU
		{F111CE03-6652-06FC-5407-978D9F4BB55A}.Release|Any CPU.ActiveCfg = Release|Any CPU
		{F111CE03-6652-06FC-5407-978D9F4BB55A}.Release|Any CPU.Build.0 = Release|Any CPU
		{ED700BCE-00D8-F766-653A-D9FC19C054AF}.Debug|Any CPU.ActiveCfg = Debug|Any CPU
		{ED700BCE-00D8-F766-653A-D9FC19C054AF}.Debug|Any CPU.Build.0 = Debug|Any CPU
		{ED700BCE-00D8-F766-653A-D9FC19C054AF}.Release|Any CPU.ActiveCfg = Release|Any CPU
		{ED700BCE-00D8-F766-653A-D9FC19C054AF}.Release|Any CPU.Build.0 = Release|Any CPU
		{5E59581F-B766-2FDF-9618-CD0D87B406F1}.Debug|Any CPU.ActiveCfg = Debug|Any CPU
		{5E59581F-B766-2FDF-9618-CD0D87B406F1}.Debug|Any CPU.Build.0 = Debug|Any CPU
		{5E59581F-B766-2FDF-9618-CD0D87B406F1}.Release|Any CPU.ActiveCfg = Release|Any CPU
		{5E59581F-B766-2FDF-9618-CD0D87B406F1}.Release|Any CPU.Build.0 = Release|Any CPU
		{4AB92D98-27D1-4BDF-9D9E-0801E839A331}.Debug|Any CPU.ActiveCfg = Debug|Any CPU
		{4AB92D98-27D1-4BDF-9D9E-0801E839A331}.Debug|Any CPU.Build.0 = Debug|Any CPU
		{4AB92D98-27D1-4BDF-9D9E-0801E839A331}.Release|Any CPU.ActiveCfg = Release|Any CPU
		{4AB92D98-27D1-4BDF-9D9E-0801E839A331}.Release|Any CPU.Build.0 = Release|Any CPU
		{C9A772A7-8B0D-F739-9B55-119E1CDB4239}.Debug|Any CPU.ActiveCfg = Debug|Any CPU
		{C9A772A7-8B0D-F739-9B55-119E1CDB4239}.Debug|Any CPU.Build.0 = Debug|Any CPU
		{C9A772A7-8B0D-F739-9B55-119E1CDB4239}.Release|Any CPU.ActiveCfg = Release|Any CPU
		{C9A772A7-8B0D-F739-9B55-119E1CDB4239}.Release|Any CPU.Build.0 = Release|Any CPU
		{FCD618EB-24BE-EF25-4382-442F77C29BF7}.Debug|Any CPU.ActiveCfg = Debug|Any CPU
		{FCD618EB-24BE-EF25-4382-442F77C29BF7}.Debug|Any CPU.Build.0 = Debug|Any CPU
		{FCD618EB-24BE-EF25-4382-442F77C29BF7}.Release|Any CPU.ActiveCfg = Release|Any CPU
		{FCD618EB-24BE-EF25-4382-442F77C29BF7}.Release|Any CPU.Build.0 = Release|Any CPU
		{25CB5B50-0FD8-521E-3DE5-1FD47D272D11}.Debug|Any CPU.ActiveCfg = Debug|Any CPU
		{25CB5B50-0FD8-521E-3DE5-1FD47D272D11}.Debug|Any CPU.Build.0 = Debug|Any CPU
		{25CB5B50-0FD8-521E-3DE5-1FD47D272D11}.Release|Any CPU.ActiveCfg = Release|Any CPU
		{25CB5B50-0FD8-521E-3DE5-1FD47D272D11}.Release|Any CPU.Build.0 = Release|Any CPU
		{80C6AF5E-71E4-ED62-14C0-C8C8A2BAFFD3}.Debug|Any CPU.ActiveCfg = Debug|Any CPU
		{80C6AF5E-71E4-ED62-14C0-C8C8A2BAFFD3}.Debug|Any CPU.Build.0 = Debug|Any CPU
		{80C6AF5E-71E4-ED62-14C0-C8C8A2BAFFD3}.Release|Any CPU.ActiveCfg = Release|Any CPU
		{80C6AF5E-71E4-ED62-14C0-C8C8A2BAFFD3}.Release|Any CPU.Build.0 = Release|Any CPU
		{3359314C-E37F-7940-C66F-C6DD8B149A82}.Debug|Any CPU.ActiveCfg = Debug|Any CPU
		{3359314C-E37F-7940-C66F-C6DD8B149A82}.Debug|Any CPU.Build.0 = Debug|Any CPU
		{3359314C-E37F-7940-C66F-C6DD8B149A82}.Release|Any CPU.ActiveCfg = Release|Any CPU
		{3359314C-E37F-7940-C66F-C6DD8B149A82}.Release|Any CPU.Build.0 = Release|Any CPU
		{7F423802-3032-0AFD-7669-C7531A751C44}.Debug|Any CPU.ActiveCfg = Debug|Any CPU
		{7F423802-3032-0AFD-7669-C7531A751C44}.Debug|Any CPU.Build.0 = Debug|Any CPU
		{7F423802-3032-0AFD-7669-C7531A751C44}.Release|Any CPU.ActiveCfg = Release|Any CPU
		{7F423802-3032-0AFD-7669-C7531A751C44}.Release|Any CPU.Build.0 = Release|Any CPU
		{14AB17FC-100B-70BF-5665-7D259C811F66}.Debug|Any CPU.ActiveCfg = Debug|Any CPU
		{14AB17FC-100B-70BF-5665-7D259C811F66}.Debug|Any CPU.Build.0 = Debug|Any CPU
		{14AB17FC-100B-70BF-5665-7D259C811F66}.Release|Any CPU.ActiveCfg = Release|Any CPU
		{14AB17FC-100B-70BF-5665-7D259C811F66}.Release|Any CPU.Build.0 = Release|Any CPU
		{9B025734-A628-5A10-0CCF-A71E397D7B6C}.Debug|Any CPU.ActiveCfg = Debug|Any CPU
		{9B025734-A628-5A10-0CCF-A71E397D7B6C}.Debug|Any CPU.Build.0 = Debug|Any CPU
		{9B025734-A628-5A10-0CCF-A71E397D7B6C}.Release|Any CPU.ActiveCfg = Release|Any CPU
		{9B025734-A628-5A10-0CCF-A71E397D7B6C}.Release|Any CPU.Build.0 = Release|Any CPU
		{FF94E0AE-CCB7-EC2F-2B91-BDFBA800A233}.Debug|Any CPU.ActiveCfg = Debug|Any CPU
		{FF94E0AE-CCB7-EC2F-2B91-BDFBA800A233}.Debug|Any CPU.Build.0 = Debug|Any CPU
		{FF94E0AE-CCB7-EC2F-2B91-BDFBA800A233}.Release|Any CPU.ActiveCfg = Release|Any CPU
		{FF94E0AE-CCB7-EC2F-2B91-BDFBA800A233}.Release|Any CPU.Build.0 = Release|Any CPU
		{510530F6-11B2-6DE5-A38F-15DDC21D6136}.Debug|Any CPU.ActiveCfg = Debug|Any CPU
		{510530F6-11B2-6DE5-A38F-15DDC21D6136}.Debug|Any CPU.Build.0 = Debug|Any CPU
		{510530F6-11B2-6DE5-A38F-15DDC21D6136}.Release|Any CPU.ActiveCfg = Release|Any CPU
		{510530F6-11B2-6DE5-A38F-15DDC21D6136}.Release|Any CPU.Build.0 = Release|Any CPU
		{716C5A5B-40BF-0904-3B13-225385AFA16F}.Debug|Any CPU.ActiveCfg = Debug|Any CPU
		{716C5A5B-40BF-0904-3B13-225385AFA16F}.Debug|Any CPU.Build.0 = Debug|Any CPU
		{716C5A5B-40BF-0904-3B13-225385AFA16F}.Release|Any CPU.ActiveCfg = Release|Any CPU
		{716C5A5B-40BF-0904-3B13-225385AFA16F}.Release|Any CPU.Build.0 = Release|Any CPU
		{7258A354-70D4-D31E-12A4-62E7DB7223ED}.Debug|Any CPU.ActiveCfg = Debug|Any CPU
		{7258A354-70D4-D31E-12A4-62E7DB7223ED}.Debug|Any CPU.Build.0 = Debug|Any CPU
		{7258A354-70D4-D31E-12A4-62E7DB7223ED}.Release|Any CPU.ActiveCfg = Release|Any CPU
		{7258A354-70D4-D31E-12A4-62E7DB7223ED}.Release|Any CPU.Build.0 = Release|Any CPU
		{90DF73A9-ECE5-06AA-9797-807F7CDB3025}.Debug|Any CPU.ActiveCfg = Debug|Any CPU
		{90DF73A9-ECE5-06AA-9797-807F7CDB3025}.Debug|Any CPU.Build.0 = Debug|Any CPU
		{90DF73A9-ECE5-06AA-9797-807F7CDB3025}.Release|Any CPU.ActiveCfg = Release|Any CPU
		{90DF73A9-ECE5-06AA-9797-807F7CDB3025}.Release|Any CPU.Build.0 = Release|Any CPU
		{99D3BDAD-13DF-6454-C2FB-965520E7CBD7}.Debug|Any CPU.ActiveCfg = Debug|Any CPU
		{99D3BDAD-13DF-6454-C2FB-965520E7CBD7}.Debug|Any CPU.Build.0 = Debug|Any CPU
		{99D3BDAD-13DF-6454-C2FB-965520E7CBD7}.Release|Any CPU.ActiveCfg = Release|Any CPU
		{99D3BDAD-13DF-6454-C2FB-965520E7CBD7}.Release|Any CPU.Build.0 = Release|Any CPU
		{6FBAEE16-CF8F-E7FE-783F-F601E28AD617}.Debug|Any CPU.ActiveCfg = Debug|Any CPU
		{6FBAEE16-CF8F-E7FE-783F-F601E28AD617}.Debug|Any CPU.Build.0 = Debug|Any CPU
		{6FBAEE16-CF8F-E7FE-783F-F601E28AD617}.Release|Any CPU.ActiveCfg = Release|Any CPU
		{6FBAEE16-CF8F-E7FE-783F-F601E28AD617}.Release|Any CPU.Build.0 = Release|Any CPU
		{9B92EF97-8BFB-6036-CC3B-CDDE56A17A46}.Debug|Any CPU.ActiveCfg = Debug|Any CPU
		{9B92EF97-8BFB-6036-CC3B-CDDE56A17A46}.Debug|Any CPU.Build.0 = Debug|Any CPU
		{9B92EF97-8BFB-6036-CC3B-CDDE56A17A46}.Release|Any CPU.ActiveCfg = Release|Any CPU
		{9B92EF97-8BFB-6036-CC3B-CDDE56A17A46}.Release|Any CPU.Build.0 = Release|Any CPU
		{CC562F1E-3837-ED2C-388D-1522D3B3DE7A}.Debug|Any CPU.ActiveCfg = Debug|Any CPU
		{CC562F1E-3837-ED2C-388D-1522D3B3DE7A}.Debug|Any CPU.Build.0 = Debug|Any CPU
		{CC562F1E-3837-ED2C-388D-1522D3B3DE7A}.Release|Any CPU.ActiveCfg = Release|Any CPU
		{CC562F1E-3837-ED2C-388D-1522D3B3DE7A}.Release|Any CPU.Build.0 = Release|Any CPU
		{F3FADF05-0256-0DA7-0CC9-BD494884FF5F}.Debug|Any CPU.ActiveCfg = Debug|Any CPU
		{F3FADF05-0256-0DA7-0CC9-BD494884FF5F}.Debug|Any CPU.Build.0 = Debug|Any CPU
		{F3FADF05-0256-0DA7-0CC9-BD494884FF5F}.Release|Any CPU.ActiveCfg = Release|Any CPU
		{F3FADF05-0256-0DA7-0CC9-BD494884FF5F}.Release|Any CPU.Build.0 = Release|Any CPU
		{EBC62FDD-26A3-D3EF-B20A-7AE123B668FE}.Debug|Any CPU.ActiveCfg = Debug|Any CPU
		{EBC62FDD-26A3-D3EF-B20A-7AE123B668FE}.Debug|Any CPU.Build.0 = Debug|Any CPU
		{EBC62FDD-26A3-D3EF-B20A-7AE123B668FE}.Release|Any CPU.ActiveCfg = Release|Any CPU
		{EBC62FDD-26A3-D3EF-B20A-7AE123B668FE}.Release|Any CPU.Build.0 = Release|Any CPU
		{0B1FF602-8625-CE6E-6BE3-89929DBFA4E7}.Debug|Any CPU.ActiveCfg = Debug|Any CPU
		{0B1FF602-8625-CE6E-6BE3-89929DBFA4E7}.Debug|Any CPU.Build.0 = Debug|Any CPU
		{0B1FF602-8625-CE6E-6BE3-89929DBFA4E7}.Release|Any CPU.ActiveCfg = Release|Any CPU
		{0B1FF602-8625-CE6E-6BE3-89929DBFA4E7}.Release|Any CPU.Build.0 = Release|Any CPU
		{D3E5F4AB-DB2C-442A-9E96-DFB1AF442A47}.Debug|Any CPU.ActiveCfg = Debug|Any CPU
		{D3E5F4AB-DB2C-442A-9E96-DFB1AF442A47}.Debug|Any CPU.Build.0 = Debug|Any CPU
		{D3E5F4AB-DB2C-442A-9E96-DFB1AF442A47}.Release|Any CPU.ActiveCfg = Release|Any CPU
		{D3E5F4AB-DB2C-442A-9E96-DFB1AF442A47}.Release|Any CPU.Build.0 = Release|Any CPU
		{EEA458AB-27AB-035F-7699-6AE429368D83}.Debug|Any CPU.ActiveCfg = Debug|Any CPU
		{EEA458AB-27AB-035F-7699-6AE429368D83}.Debug|Any CPU.Build.0 = Debug|Any CPU
		{EEA458AB-27AB-035F-7699-6AE429368D83}.Release|Any CPU.ActiveCfg = Release|Any CPU
		{EEA458AB-27AB-035F-7699-6AE429368D83}.Release|Any CPU.Build.0 = Release|Any CPU
		{03C54ADD-9869-3CF5-4D55-1EBA8A88F7A0}.Debug|Any CPU.ActiveCfg = Debug|Any CPU
		{03C54ADD-9869-3CF5-4D55-1EBA8A88F7A0}.Debug|Any CPU.Build.0 = Debug|Any CPU
		{03C54ADD-9869-3CF5-4D55-1EBA8A88F7A0}.Release|Any CPU.ActiveCfg = Release|Any CPU
		{03C54ADD-9869-3CF5-4D55-1EBA8A88F7A0}.Release|Any CPU.Build.0 = Release|Any CPU
		{32742F5B-0308-917C-2A79-F2E25CE447B9}.Debug|Any CPU.ActiveCfg = Debug|Any CPU
		{32742F5B-0308-917C-2A79-F2E25CE447B9}.Debug|Any CPU.Build.0 = Debug|Any CPU
		{32742F5B-0308-917C-2A79-F2E25CE447B9}.Release|Any CPU.ActiveCfg = Release|Any CPU
		{32742F5B-0308-917C-2A79-F2E25CE447B9}.Release|Any CPU.Build.0 = Release|Any CPU
		{AFB54E88-4351-C094-36CC-C078287E0FFF}.Debug|Any CPU.ActiveCfg = Debug|Any CPU
		{AFB54E88-4351-C094-36CC-C078287E0FFF}.Debug|Any CPU.Build.0 = Debug|Any CPU
		{AFB54E88-4351-C094-36CC-C078287E0FFF}.Release|Any CPU.ActiveCfg = Release|Any CPU
		{AFB54E88-4351-C094-36CC-C078287E0FFF}.Release|Any CPU.Build.0 = Release|Any CPU
		{4F57D744-D891-DDC3-B760-FD3647A92B1F}.Debug|Any CPU.ActiveCfg = Debug|Any CPU
		{4F57D744-D891-DDC3-B760-FD3647A92B1F}.Debug|Any CPU.Build.0 = Debug|Any CPU
		{4F57D744-D891-DDC3-B760-FD3647A92B1F}.Release|Any CPU.ActiveCfg = Release|Any CPU
		{4F57D744-D891-DDC3-B760-FD3647A92B1F}.Release|Any CPU.Build.0 = Release|Any CPU
		{FA353463-B692-DF6E-9D7E-CD6838630701}.Debug|Any CPU.ActiveCfg = Debug|Any CPU
		{FA353463-B692-DF6E-9D7E-CD6838630701}.Debug|Any CPU.Build.0 = Debug|Any CPU
		{FA353463-B692-DF6E-9D7E-CD6838630701}.Release|Any CPU.ActiveCfg = Release|Any CPU
		{FA353463-B692-DF6E-9D7E-CD6838630701}.Release|Any CPU.Build.0 = Release|Any CPU
		{39AF72DA-3A0F-1823-A8B3-BCB3BEEB2710}.Debug|Any CPU.ActiveCfg = Debug|Any CPU
		{39AF72DA-3A0F-1823-A8B3-BCB3BEEB2710}.Debug|Any CPU.Build.0 = Debug|Any CPU
		{39AF72DA-3A0F-1823-A8B3-BCB3BEEB2710}.Release|Any CPU.ActiveCfg = Release|Any CPU
		{39AF72DA-3A0F-1823-A8B3-BCB3BEEB2710}.Release|Any CPU.Build.0 = Release|Any CPU
		{7F294546-9A80-8977-F7A3-3114378F368A}.Debug|Any CPU.ActiveCfg = Debug|Any CPU
		{7F294546-9A80-8977-F7A3-3114378F368A}.Debug|Any CPU.Build.0 = Debug|Any CPU
		{7F294546-9A80-8977-F7A3-3114378F368A}.Release|Any CPU.ActiveCfg = Release|Any CPU
		{7F294546-9A80-8977-F7A3-3114378F368A}.Release|Any CPU.Build.0 = Release|Any CPU
		{F0CF66F5-E5FD-9C60-0A4C-AB6770E5EF48}.Debug|Any CPU.ActiveCfg = Debug|Any CPU
		{F0CF66F5-E5FD-9C60-0A4C-AB6770E5EF48}.Debug|Any CPU.Build.0 = Debug|Any CPU
		{F0CF66F5-E5FD-9C60-0A4C-AB6770E5EF48}.Release|Any CPU.ActiveCfg = Release|Any CPU
		{F0CF66F5-E5FD-9C60-0A4C-AB6770E5EF48}.Release|Any CPU.Build.0 = Release|Any CPU
		{8C409E7E-7B33-4A18-E991-DBA5E7CD3A8F}.Debug|Any CPU.ActiveCfg = Debug|Any CPU
		{8C409E7E-7B33-4A18-E991-DBA5E7CD3A8F}.Debug|Any CPU.Build.0 = Debug|Any CPU
		{8C409E7E-7B33-4A18-E991-DBA5E7CD3A8F}.Release|Any CPU.ActiveCfg = Release|Any CPU
		{8C409E7E-7B33-4A18-E991-DBA5E7CD3A8F}.Release|Any CPU.Build.0 = Release|Any CPU
		{64904DBE-DA64-0B9B-8352-1508B844B9FF}.Debug|Any CPU.ActiveCfg = Debug|Any CPU
		{64904DBE-DA64-0B9B-8352-1508B844B9FF}.Debug|Any CPU.Build.0 = Debug|Any CPU
		{64904DBE-DA64-0B9B-8352-1508B844B9FF}.Release|Any CPU.ActiveCfg = Release|Any CPU
		{64904DBE-DA64-0B9B-8352-1508B844B9FF}.Release|Any CPU.Build.0 = Release|Any CPU
	EndGlobalSection
	GlobalSection(SolutionProperties) = preSolution
		HideSolutionNode = FALSE
	EndGlobalSection
EndGlobal
